// !$*UTF8*$!
{
	archiveVersion = 1;
	classes = {
	};
	objectVersion = 55;
	objects = {

/* Begin PBXBuildFile section */
		67094A632725AC68003598A5 /* Setting.swift in Sources */ = {isa = PBXBuildFile; fileRef = 67094A622725AC68003598A5 /* Setting.swift */; };
		67094A652725AFF5003598A5 /* TouchVibration.swift in Sources */ = {isa = PBXBuildFile; fileRef = 67094A642725AFF5003598A5 /* TouchVibration.swift */; };
		674742C227381F35009C81C1 /* LockedView.swift in Sources */ = {isa = PBXBuildFile; fileRef = 674742C127381F35009C81C1 /* LockedView.swift */; };
		674742C4273831A3009C81C1 /* ReadNote.swift in Sources */ = {isa = PBXBuildFile; fileRef = 674742C3273831A3009C81C1 /* ReadNote.swift */; };
		674742C6273834D6009C81C1 /* ButtonModule.swift in Sources */ = {isa = PBXBuildFile; fileRef = 674742C5273834D6009C81C1 /* ButtonModule.swift */; };
		678739EA2738D8A800420DC9 /* BetterSafariView in Frameworks */ = {isa = PBXBuildFile; productRef = 678739E92738D8A800420DC9 /* BetterSafariView */; };
		678739EC27397E6F00420DC9 /* TabNoteData.swift in Sources */ = {isa = PBXBuildFile; fileRef = 678739EB27397E6F00420DC9 /* TabNoteData.swift */; };
		67CEFA59273BFD8A00D6AD0C /* NoteWrite.swift in Sources */ = {isa = PBXBuildFile; fileRef = 67CEFA58273BFD8A00D6AD0C /* NoteWrite.swift */; };
		67D414E8271EF8D500E262C0 /* ReaderApp.swift in Sources */ = {isa = PBXBuildFile; fileRef = 67D414E7271EF8D500E262C0 /* ReaderApp.swift */; };
		67D414EA271EF8D500E262C0 /* ContentView.swift in Sources */ = {isa = PBXBuildFile; fileRef = 67D414E9271EF8D500E262C0 /* ContentView.swift */; };
		67D414EC271EF8D700E262C0 /* Assets.xcassets in Resources */ = {isa = PBXBuildFile; fileRef = 67D414EB271EF8D700E262C0 /* Assets.xcassets */; };
		67D414EF271EF8D700E262C0 /* Preview Assets.xcassets in Resources */ = {isa = PBXBuildFile; fileRef = 67D414EE271EF8D700E262C0 /* Preview Assets.xcassets */; };
		67D414F6271EF99400E262C0 /* NewsSource.swift in Sources */ = {isa = PBXBuildFile; fileRef = 67D414F5271EF99400E262C0 /* NewsSource.swift */; };
		67D414FB271F250000E262C0 /* TabReadingData.swift in Sources */ = {isa = PBXBuildFile; fileRef = 67D414FA271F250000E262C0 /* TabReadingData.swift */; };
		67D414FD2721925100E262C0 /* Detail.swift in Sources */ = {isa = PBXBuildFile; fileRef = 67D414FC2721925100E262C0 /* Detail.swift */; };
/* End PBXBuildFile section */

/* Begin PBXFileReference section */
		67094A622725AC68003598A5 /* Setting.swift */ = {isa = PBXFileReference; lastKnownFileType = sourcecode.swift; path = Setting.swift; sourceTree = "<group>"; };
		67094A642725AFF5003598A5 /* TouchVibration.swift */ = {isa = PBXFileReference; lastKnownFileType = sourcecode.swift; path = TouchVibration.swift; sourceTree = "<group>"; };
		674742C02738153B009C81C1 /* Info.plist */ = {isa = PBXFileReference; lastKnownFileType = text.plist; path = Info.plist; sourceTree = "<group>"; };
		674742C127381F35009C81C1 /* LockedView.swift */ = {isa = PBXFileReference; lastKnownFileType = sourcecode.swift; path = LockedView.swift; sourceTree = "<group>"; };
		674742C3273831A3009C81C1 /* ReadNote.swift */ = {isa = PBXFileReference; lastKnownFileType = sourcecode.swift; path = ReadNote.swift; sourceTree = "<group>"; };
		674742C5273834D6009C81C1 /* ButtonModule.swift */ = {isa = PBXFileReference; lastKnownFileType = sourcecode.swift; path = ButtonModule.swift; sourceTree = "<group>"; };
		678739EB27397E6F00420DC9 /* TabNoteData.swift */ = {isa = PBXFileReference; lastKnownFileType = sourcecode.swift; path = TabNoteData.swift; sourceTree = "<group>"; };
		67CEFA58273BFD8A00D6AD0C /* NoteWrite.swift */ = {isa = PBXFileReference; lastKnownFileType = sourcecode.swift; path = NoteWrite.swift; sourceTree = "<group>"; };
		67D414E4271EF8D500E262C0 /* Reader.app */ = {isa = PBXFileReference; explicitFileType = wrapper.application; includeInIndex = 0; path = Reader.app; sourceTree = BUILT_PRODUCTS_DIR; };
		67D414E7271EF8D500E262C0 /* ReaderApp.swift */ = {isa = PBXFileReference; lastKnownFileType = sourcecode.swift; path = ReaderApp.swift; sourceTree = "<group>"; };
		67D414E9271EF8D500E262C0 /* ContentView.swift */ = {isa = PBXFileReference; lastKnownFileType = sourcecode.swift; path = ContentView.swift; sourceTree = "<group>"; };
		67D414EB271EF8D700E262C0 /* Assets.xcassets */ = {isa = PBXFileReference; lastKnownFileType = folder.assetcatalog; path = Assets.xcassets; sourceTree = "<group>"; };
		67D414EE271EF8D700E262C0 /* Preview Assets.xcassets */ = {isa = PBXFileReference; lastKnownFileType = folder.assetcatalog; path = "Preview Assets.xcassets"; sourceTree = "<group>"; };
		67D414F5271EF99400E262C0 /* NewsSource.swift */ = {isa = PBXFileReference; lastKnownFileType = sourcecode.swift; path = NewsSource.swift; sourceTree = "<group>"; };
		67D414FA271F250000E262C0 /* TabReadingData.swift */ = {isa = PBXFileReference; lastKnownFileType = sourcecode.swift; path = TabReadingData.swift; sourceTree = "<group>"; };
		67D414FC2721925100E262C0 /* Detail.swift */ = {isa = PBXFileReference; lastKnownFileType = sourcecode.swift; path = Detail.swift; sourceTree = "<group>"; };
/* End PBXFileReference section */

/* Begin PBXFrameworksBuildPhase section */
		67D414E1271EF8D500E262C0 /* Frameworks */ = {
			isa = PBXFrameworksBuildPhase;
			buildActionMask = 2147483647;
			files = (
				678739EA2738D8A800420DC9 /* BetterSafariView in Frameworks */,
			);
			runOnlyForDeploymentPostprocessing = 0;
		};
/* End PBXFrameworksBuildPhase section */

/* Begin PBXGroup section */
		67D414DB271EF8D500E262C0 = {
			isa = PBXGroup;
			children = (
				67D414E6271EF8D500E262C0 /* Reader */,
				67D414E5271EF8D500E262C0 /* Products */,
			);
			sourceTree = "<group>";
		};
		67D414E5271EF8D500E262C0 /* Products */ = {
			isa = PBXGroup;
			children = (
				67D414E4271EF8D500E262C0 /* Reader.app */,
			);
			name = Products;
			sourceTree = "<group>";
		};
		67D414E6271EF8D500E262C0 /* Reader */ = {
			isa = PBXGroup;
			children = (
				674742C02738153B009C81C1 /* Info.plist */,
				67094A642725AFF5003598A5 /* TouchVibration.swift */,
				67094A622725AC68003598A5 /* Setting.swift */,
				67D414E7271EF8D500E262C0 /* ReaderApp.swift */,
				674742C3273831A3009C81C1 /* ReadNote.swift */,
				67CEFA58273BFD8A00D6AD0C /* NoteWrite.swift */,
				674742C5273834D6009C81C1 /* ButtonModule.swift */,
				674742C127381F35009C81C1 /* LockedView.swift */,
				67D414E9271EF8D500E262C0 /* ContentView.swift */,
				67D414FC2721925100E262C0 /* Detail.swift */,
				67D414F5271EF99400E262C0 /* NewsSource.swift */,
				67D414FA271F250000E262C0 /* TabReadingData.swift */,
				678739EB27397E6F00420DC9 /* TabNoteData.swift */,
				67D414EB271EF8D700E262C0 /* Assets.xcassets */,
				67D414ED271EF8D700E262C0 /* Preview Content */,
			);
			path = Reader;
			sourceTree = "<group>";
		};
		67D414ED271EF8D700E262C0 /* Preview Content */ = {
			isa = PBXGroup;
			children = (
				67D414EE271EF8D700E262C0 /* Preview Assets.xcassets */,
			);
			path = "Preview Content";
			sourceTree = "<group>";
		};
/* End PBXGroup section */

/* Begin PBXNativeTarget section */
		67D414E3271EF8D500E262C0 /* Reader */ = {
			isa = PBXNativeTarget;
			buildConfigurationList = 67D414F2271EF8D700E262C0 /* Build configuration list for PBXNativeTarget "Reader" */;
			buildPhases = (
				67D414E0271EF8D500E262C0 /* Sources */,
				67D414E1271EF8D500E262C0 /* Frameworks */,
				67D414E2271EF8D500E262C0 /* Resources */,
			);
			buildRules = (
			);
			dependencies = (
			);
			name = Reader;
			packageProductDependencies = (
				678739E92738D8A800420DC9 /* BetterSafariView */,
			);
			productName = Reader;
			productReference = 67D414E4271EF8D500E262C0 /* Reader.app */;
			productType = "com.apple.product-type.application";
		};
/* End PBXNativeTarget section */

/* Begin PBXProject section */
		67D414DC271EF8D500E262C0 /* Project object */ = {
			isa = PBXProject;
			attributes = {
				BuildIndependentTargetsInParallel = 1;
				LastSwiftUpdateCheck = 1300;
				LastUpgradeCheck = 1300;
				TargetAttributes = {
					67D414E3271EF8D500E262C0 = {
						CreatedOnToolsVersion = 13.0;
					};
				};
			};
			buildConfigurationList = 67D414DF271EF8D500E262C0 /* Build configuration list for PBXProject "Reader" */;
			compatibilityVersion = "Xcode 13.0";
			developmentRegion = en;
			hasScannedForEncodings = 0;
			knownRegions = (
				en,
				Base,
			);
			mainGroup = 67D414DB271EF8D500E262C0;
			packageReferences = (
				678739E82738D8A800420DC9 /* XCRemoteSwiftPackageReference "BetterSafariView" */,
			);
			productRefGroup = 67D414E5271EF8D500E262C0 /* Products */;
			projectDirPath = "";
			projectRoot = "";
			targets = (
				67D414E3271EF8D500E262C0 /* Reader */,
			);
		};
/* End PBXProject section */

/* Begin PBXResourcesBuildPhase section */
		67D414E2271EF8D500E262C0 /* Resources */ = {
			isa = PBXResourcesBuildPhase;
			buildActionMask = 2147483647;
			files = (
				67D414EF271EF8D700E262C0 /* Preview Assets.xcassets in Resources */,
				67D414EC271EF8D700E262C0 /* Assets.xcassets in Resources */,
			);
			runOnlyForDeploymentPostprocessing = 0;
		};
/* End PBXResourcesBuildPhase section */

/* Begin PBXSourcesBuildPhase section */
		67D414E0271EF8D500E262C0 /* Sources */ = {
			isa = PBXSourcesBuildPhase;
			buildActionMask = 2147483647;
			files = (
				674742C227381F35009C81C1 /* LockedView.swift in Sources */,
				67D414EA271EF8D500E262C0 /* ContentView.swift in Sources */,
				674742C4273831A3009C81C1 /* ReadNote.swift in Sources */,
				67094A652725AFF5003598A5 /* TouchVibration.swift in Sources */,
				67D414E8271EF8D500E262C0 /* ReaderApp.swift in Sources */,
				67094A632725AC68003598A5 /* Setting.swift in Sources */,
				67D414FB271F250000E262C0 /* TabReadingData.swift in Sources */,
				67CEFA59273BFD8A00D6AD0C /* NoteWrite.swift in Sources */,
				674742C6273834D6009C81C1 /* ButtonModule.swift in Sources */,
				678739EC27397E6F00420DC9 /* TabNoteData.swift in Sources */,
				67D414FD2721925100E262C0 /* Detail.swift in Sources */,
				67D414F6271EF99400E262C0 /* NewsSource.swift in Sources */,
			);
			runOnlyForDeploymentPostprocessing = 0;
		};
/* End PBXSourcesBuildPhase section */

/* Begin XCBuildConfiguration section */
		67D414F0271EF8D700E262C0 /* Debug */ = {
			isa = XCBuildConfiguration;
			buildSettings = {
				ALWAYS_SEARCH_USER_PATHS = NO;
				CLANG_ANALYZER_NONNULL = YES;
				CLANG_ANALYZER_NUMBER_OBJECT_CONVERSION = YES_AGGRESSIVE;
				CLANG_CXX_LANGUAGE_STANDARD = "gnu++17";
				CLANG_CXX_LIBRARY = "libc++";
				CLANG_ENABLE_MODULES = YES;
				CLANG_ENABLE_OBJC_ARC = YES;
				CLANG_ENABLE_OBJC_WEAK = YES;
				CLANG_WARN_BLOCK_CAPTURE_AUTORELEASING = YES;
				CLANG_WARN_BOOL_CONVERSION = YES;
				CLANG_WARN_COMMA = YES;
				CLANG_WARN_CONSTANT_CONVERSION = YES;
				CLANG_WARN_DEPRECATED_OBJC_IMPLEMENTATIONS = YES;
				CLANG_WARN_DIRECT_OBJC_ISA_USAGE = YES_ERROR;
				CLANG_WARN_DOCUMENTATION_COMMENTS = YES;
				CLANG_WARN_EMPTY_BODY = YES;
				CLANG_WARN_ENUM_CONVERSION = YES;
				CLANG_WARN_INFINITE_RECURSION = YES;
				CLANG_WARN_INT_CONVERSION = YES;
				CLANG_WARN_NON_LITERAL_NULL_CONVERSION = YES;
				CLANG_WARN_OBJC_IMPLICIT_RETAIN_SELF = YES;
				CLANG_WARN_OBJC_LITERAL_CONVERSION = YES;
				CLANG_WARN_OBJC_ROOT_CLASS = YES_ERROR;
				CLANG_WARN_QUOTED_INCLUDE_IN_FRAMEWORK_HEADER = YES;
				CLANG_WARN_RANGE_LOOP_ANALYSIS = YES;
				CLANG_WARN_STRICT_PROTOTYPES = YES;
				CLANG_WARN_SUSPICIOUS_MOVE = YES;
				CLANG_WARN_UNGUARDED_AVAILABILITY = YES_AGGRESSIVE;
				CLANG_WARN_UNREACHABLE_CODE = YES;
				CLANG_WARN__DUPLICATE_METHOD_MATCH = YES;
				COPY_PHASE_STRIP = NO;
				DEBUG_INFORMATION_FORMAT = dwarf;
				ENABLE_STRICT_OBJC_MSGSEND = YES;
				ENABLE_TESTABILITY = YES;
				GCC_C_LANGUAGE_STANDARD = gnu11;
				GCC_DYNAMIC_NO_PIC = NO;
				GCC_NO_COMMON_BLOCKS = YES;
				GCC_OPTIMIZATION_LEVEL = 0;
				GCC_PREPROCESSOR_DEFINITIONS = (
					"DEBUG=1",
					"$(inherited)",
				);
				GCC_WARN_64_TO_32_BIT_CONVERSION = YES;
				GCC_WARN_ABOUT_RETURN_TYPE = YES_ERROR;
				GCC_WARN_UNDECLARED_SELECTOR = YES;
				GCC_WARN_UNINITIALIZED_AUTOS = YES_AGGRESSIVE;
				GCC_WARN_UNUSED_FUNCTION = YES;
				GCC_WARN_UNUSED_VARIABLE = YES;
				IPHONEOS_DEPLOYMENT_TARGET = 15.0;
				MTL_ENABLE_DEBUG_INFO = INCLUDE_SOURCE;
				MTL_FAST_MATH = YES;
				ONLY_ACTIVE_ARCH = YES;
				SDKROOT = iphoneos;
				SWIFT_ACTIVE_COMPILATION_CONDITIONS = DEBUG;
				SWIFT_OPTIMIZATION_LEVEL = "-Onone";
			};
			name = Debug;
		};
		67D414F1271EF8D700E262C0 /* Release */ = {
			isa = XCBuildConfiguration;
			buildSettings = {
				ALWAYS_SEARCH_USER_PATHS = NO;
				CLANG_ANALYZER_NONNULL = YES;
				CLANG_ANALYZER_NUMBER_OBJECT_CONVERSION = YES_AGGRESSIVE;
				CLANG_CXX_LANGUAGE_STANDARD = "gnu++17";
				CLANG_CXX_LIBRARY = "libc++";
				CLANG_ENABLE_MODULES = YES;
				CLANG_ENABLE_OBJC_ARC = YES;
				CLANG_ENABLE_OBJC_WEAK = YES;
				CLANG_WARN_BLOCK_CAPTURE_AUTORELEASING = YES;
				CLANG_WARN_BOOL_CONVERSION = YES;
				CLANG_WARN_COMMA = YES;
				CLANG_WARN_CONSTANT_CONVERSION = YES;
				CLANG_WARN_DEPRECATED_OBJC_IMPLEMENTATIONS = YES;
				CLANG_WARN_DIRECT_OBJC_ISA_USAGE = YES_ERROR;
				CLANG_WARN_DOCUMENTATION_COMMENTS = YES;
				CLANG_WARN_EMPTY_BODY = YES;
				CLANG_WARN_ENUM_CONVERSION = YES;
				CLANG_WARN_INFINITE_RECURSION = YES;
				CLANG_WARN_INT_CONVERSION = YES;
				CLANG_WARN_NON_LITERAL_NULL_CONVERSION = YES;
				CLANG_WARN_OBJC_IMPLICIT_RETAIN_SELF = YES;
				CLANG_WARN_OBJC_LITERAL_CONVERSION = YES;
				CLANG_WARN_OBJC_ROOT_CLASS = YES_ERROR;
				CLANG_WARN_QUOTED_INCLUDE_IN_FRAMEWORK_HEADER = YES;
				CLANG_WARN_RANGE_LOOP_ANALYSIS = YES;
				CLANG_WARN_STRICT_PROTOTYPES = YES;
				CLANG_WARN_SUSPICIOUS_MOVE = YES;
				CLANG_WARN_UNGUARDED_AVAILABILITY = YES_AGGRESSIVE;
				CLANG_WARN_UNREACHABLE_CODE = YES;
				CLANG_WARN__DUPLICATE_METHOD_MATCH = YES;
				COPY_PHASE_STRIP = NO;
				DEBUG_INFORMATION_FORMAT = "dwarf-with-dsym";
				ENABLE_NS_ASSERTIONS = NO;
				ENABLE_STRICT_OBJC_MSGSEND = YES;
				GCC_C_LANGUAGE_STANDARD = gnu11;
				GCC_NO_COMMON_BLOCKS = YES;
				GCC_WARN_64_TO_32_BIT_CONVERSION = YES;
				GCC_WARN_ABOUT_RETURN_TYPE = YES_ERROR;
				GCC_WARN_UNDECLARED_SELECTOR = YES;
				GCC_WARN_UNINITIALIZED_AUTOS = YES_AGGRESSIVE;
				GCC_WARN_UNUSED_FUNCTION = YES;
				GCC_WARN_UNUSED_VARIABLE = YES;
				IPHONEOS_DEPLOYMENT_TARGET = 15.0;
				MTL_ENABLE_DEBUG_INFO = NO;
				MTL_FAST_MATH = YES;
				SDKROOT = iphoneos;
				SWIFT_COMPILATION_MODE = wholemodule;
				SWIFT_OPTIMIZATION_LEVEL = "-O";
				VALIDATE_PRODUCT = YES;
			};
			name = Release;
		};
		67D414F3271EF8D700E262C0 /* Debug */ = {
			isa = XCBuildConfiguration;
			buildSettings = {
				ASSETCATALOG_COMPILER_APPICON_NAME = AppIcon;
				ASSETCATALOG_COMPILER_GLOBAL_ACCENT_COLOR_NAME = AccentColor;
				CODE_SIGN_STYLE = Automatic;
				CURRENT_PROJECT_VERSION = 1;
				DEVELOPMENT_ASSET_PATHS = "\"Reader/Preview Content\"";
				DEVELOPMENT_TEAM = 893C72PZA9;
				ENABLE_PREVIEWS = YES;
				GENERATE_INFOPLIST_FILE = YES;
				INFOPLIST_FILE = Reader/Info.plist;
				INFOPLIST_KEY_NSFaceIDUsageDescription = "使用Face ID用于验证您的身份";
				INFOPLIST_KEY_UIApplicationSceneManifest_Generation = YES;
				INFOPLIST_KEY_UIApplicationSupportsIndirectInputEvents = YES;
				INFOPLIST_KEY_UILaunchScreen_Generation = YES;
				INFOPLIST_KEY_UISupportedInterfaceOrientations_iPad = "UIInterfaceOrientationPortrait UIInterfaceOrientationPortraitUpsideDown UIInterfaceOrientationLandscapeLeft UIInterfaceOrientationLandscapeRight";
				INFOPLIST_KEY_UISupportedInterfaceOrientations_iPhone = "UIInterfaceOrientationPortrait UIInterfaceOrientationLandscapeLeft UIInterfaceOrientationLandscapeRight";
				IPHONEOS_DEPLOYMENT_TARGET = 14.0;
				LD_RUNPATH_SEARCH_PATHS = (
					"$(inherited)",
					"@executable_path/Frameworks",
				);
				MARKETING_VERSION = 1.0;
				PRODUCT_BUNDLE_IDENTIFIER = mys.Reader;
				PRODUCT_NAME = "$(TARGET_NAME)";
				SWIFT_EMIT_LOC_STRINGS = YES;
				SWIFT_VERSION = 5.0;
				TARGETED_DEVICE_FAMILY = "1,2";
			};
			name = Debug;
		};
		67D414F4271EF8D700E262C0 /* Release */ = {
			isa = XCBuildConfiguration;
			buildSettings = {
				ASSETCATALOG_COMPILER_APPICON_NAME = AppIcon;
				ASSETCATALOG_COMPILER_GLOBAL_ACCENT_COLOR_NAME = AccentColor;
				CODE_SIGN_STYLE = Automatic;
				CURRENT_PROJECT_VERSION = 1;
				DEVELOPMENT_ASSET_PATHS = "\"Reader/Preview Content\"";
				DEVELOPMENT_TEAM = 893C72PZA9;
				ENABLE_PREVIEWS = YES;
				GENERATE_INFOPLIST_FILE = YES;
				INFOPLIST_FILE = Reader/Info.plist;
				INFOPLIST_KEY_NSFaceIDUsageDescription = "使用Face ID用于验证您的身份";
				INFOPLIST_KEY_UIApplicationSceneManifest_Generation = YES;
				INFOPLIST_KEY_UIApplicationSupportsIndirectInputEvents = YES;
				INFOPLIST_KEY_UILaunchScreen_Generation = YES;
				INFOPLIST_KEY_UISupportedInterfaceOrientations_iPad = "UIInterfaceOrientationPortrait UIInterfaceOrientationPortraitUpsideDown UIInterfaceOrientationLandscapeLeft UIInterfaceOrientationLandscapeRight";
				INFOPLIST_KEY_UISupportedInterfaceOrientations_iPhone = "UIInterfaceOrientationPortrait UIInterfaceOrientationLandscapeLeft UIInterfaceOrientationLandscapeRight";
				IPHONEOS_DEPLOYMENT_TARGET = 14.0;
				LD_RUNPATH_SEARCH_PATHS = (
					"$(inherited)",
					"@executable_path/Frameworks",
				);
				MARKETING_VERSION = 1.0;
				PRODUCT_BUNDLE_IDENTIFIER = mys.Reader;
				PRODUCT_NAME = "$(TARGET_NAME)";
				SWIFT_EMIT_LOC_STRINGS = YES;
				SWIFT_VERSION = 5.0;
				TARGETED_DEVICE_FAMILY = "1,2";
			};
			name = Release;
		};
/* End XCBuildConfiguration section */

/* Begin XCConfigurationList section */
		67D414DF271EF8D500E262C0 /* Build configuration list for PBXProject "Reader" */ = {
			isa = XCConfigurationList;
			buildConfigurations = (
				67D414F0271EF8D700E262C0 /* Debug */,
				67D414F1271EF8D700E262C0 /* Release */,
			);
			defaultConfigurationIsVisible = 0;
			defaultConfigurationName = Release;
		};
		67D414F2271EF8D700E262C0 /* Build configuration list for PBXNativeTarget "Reader" */ = {
			isa = XCConfigurationList;
			buildConfigurations = (
				67D414F3271EF8D700E262C0 /* Debug */,
				67D414F4271EF8D700E262C0 /* Release */,
			);
			defaultConfigurationIsVisible = 0;
			defaultConfigurationName = Release;
		};
/* End XCConfigurationList section */

/* Begin XCRemoteSwiftPackageReference section */
		678739E82738D8A800420DC9 /* XCRemoteSwiftPackageReference "BetterSafariView" */ = {
			isa = XCRemoteSwiftPackageReference;
			repositoryURL = "https://github.com/stleamist/BetterSafariView.git";
			requirement = {
				kind = upToNextMajorVersion;
				minimumVersion = 2.0.0;
			};
		};
/* End XCRemoteSwiftPackageReference section */

/* Begin XCSwiftPackageProductDependency section */
		678739E92738D8A800420DC9 /* BetterSafariView */ = {
			isa = XCSwiftPackageProductDependency;
			package = 678739E82738D8A800420DC9 /* XCRemoteSwiftPackageReference "BetterSafariView" */;
			productName = BetterSafariView;
		};
/* End XCSwiftPackageProductDependency section */
	};
	rootObject = 67D414DC271EF8D500E262C0 /* Project object */;
}
